// !$*UTF8*$!
{
	archiveVersion = 1;
	classes = {
	};
	objectVersion = 46;
	objects = {

/* Begin PBXBuildFile section */
		D465952C161BBAB300B8928C /* Cocoa.framework in Frameworks */ = {isa = PBXBuildFile; fileRef = D465952B161BBAB300B8928C /* Cocoa.framework */; };
		D4659536161BBAB300B8928C /* InfoPlist.strings in Resources */ = {isa = PBXBuildFile; fileRef = D4659534161BBAB300B8928C /* InfoPlist.strings */; };
		D4659538161BBAB300B8928C /* main.m in Sources */ = {isa = PBXBuildFile; fileRef = D4659537161BBAB300B8928C /* main.m */; };
		D465953C161BBAB300B8928C /* Credits.rtf in Resources */ = {isa = PBXBuildFile; fileRef = D465953A161BBAB300B8928C /* Credits.rtf */; };
		D465953F161BBAB300B8928C /* AppDelegate.m in Sources */ = {isa = PBXBuildFile; fileRef = D465953E161BBAB300B8928C /* AppDelegate.m */; };
		D4659542161BBAB300B8928C /* MainMenu.xib in Resources */ = {isa = PBXBuildFile; fileRef = D4659540161BBAB300B8928C /* MainMenu.xib */; };
/* End PBXBuildFile section */

/* Begin PBXFileReference section */
		D4659527161BBAB300B8928C /* grooverapp.app */ = {isa = PBXFileReference; explicitFileType = wrapper.application; includeInIndex = 0; path = grooverapp.app; sourceTree = BUILT_PRODUCTS_DIR; };
		D465952B161BBAB300B8928C /* Cocoa.framework */ = {isa = PBXFileReference; lastKnownFileType = wrapper.framework; name = Cocoa.framework; path = System/Library/Frameworks/Cocoa.framework; sourceTree = SDKROOT; };
		D465952E161BBAB300B8928C /* AppKit.framework */ = {isa = PBXFileReference; lastKnownFileType = wrapper.framework; name = AppKit.framework; path = System/Library/Frameworks/AppKit.framework; sourceTree = SDKROOT; };
		D465952F161BBAB300B8928C /* CoreData.framework */ = {isa = PBXFileReference; lastKnownFileType = wrapper.framework; name = CoreData.framework; path = System/Library/Frameworks/CoreData.framework; sourceTree = SDKROOT; };
		D4659530161BBAB300B8928C /* Foundation.framework */ = {isa = PBXFileReference; lastKnownFileType = wrapper.framework; name = Foundation.framework; path = System/Library/Frameworks/Foundation.framework; sourceTree = SDKROOT; };
		D4659533161BBAB300B8928C /* grooverapp-Info.plist */ = {isa = PBXFileReference; lastKnownFileType = text.plist.xml; path = "grooverapp-Info.plist"; sourceTree = "<group>"; };
		D4659535161BBAB300B8928C /* en */ = {isa = PBXFileReference; lastKnownFileType = text.plist.strings; name = en; path = en.lproj/InfoPlist.strings; sourceTree = "<group>"; };
		D4659537161BBAB300B8928C /* main.m */ = {isa = PBXFileReference; lastKnownFileType = sourcecode.c.objc; path = main.m; sourceTree = "<group>"; };
		D4659539161BBAB300B8928C /* grooverapp-Prefix.pch */ = {isa = PBXFileReference; lastKnownFileType = sourcecode.c.h; path = "grooverapp-Prefix.pch"; sourceTree = "<group>"; };
		D465953B161BBAB300B8928C /* en */ = {isa = PBXFileReference; lastKnownFileType = text.rtf; name = en; path = en.lproj/Credits.rtf; sourceTree = "<group>"; };
		D465953D161BBAB300B8928C /* AppDelegate.h */ = {isa = PBXFileReference; lastKnownFileType = sourcecode.c.h; path = AppDelegate.h; sourceTree = "<group>"; };
		D465953E161BBAB300B8928C /* AppDelegate.m */ = {isa = PBXFileReference; lastKnownFileType = sourcecode.c.objc; path = AppDelegate.m; sourceTree = "<group>"; };
		D4659541161BBAB300B8928C /* en */ = {isa = PBXFileReference; lastKnownFileType = file.xib; name = en; path = en.lproj/MainMenu.xib; sourceTree = "<group>"; };
/* End PBXFileReference section */

/* Begin PBXFrameworksBuildPhase section */
		D4659524161BBAB300B8928C /* Frameworks */ = {
			isa = PBXFrameworksBuildPhase;
			buildActionMask = 2147483647;
			files = (
				D465952C161BBAB300B8928C /* Cocoa.framework in Frameworks */,
			);
			runOnlyForDeploymentPostprocessing = 0;
		};
/* End PBXFrameworksBuildPhase section */

/* Begin PBXGroup section */
		D465951C161BBAB200B8928C = {
			isa = PBXGroup;
			children = (
				D4659531161BBAB300B8928C /* grooverapp */,
				D465952A161BBAB300B8928C /* Frameworks */,
				D4659528161BBAB300B8928C /* Products */,
			);
			sourceTree = "<group>";
		};
		D4659528161BBAB300B8928C /* Products */ = {
			isa = PBXGroup;
			children = (
				D4659527161BBAB300B8928C /* grooverapp.app */,
			);
			name = Products;
			sourceTree = "<group>";
		};
		D465952A161BBAB300B8928C /* Frameworks */ = {
			isa = PBXGroup;
			children = (
				D465952B161BBAB300B8928C /* Cocoa.framework */,
				D465952D161BBAB300B8928C /* Other Frameworks */,
			);
			name = Frameworks;
			sourceTree = "<group>";
		};
		D465952D161BBAB300B8928C /* Other Frameworks */ = {
			isa = PBXGroup;
			children = (
				D465952E161BBAB300B8928C /* AppKit.framework */,
				D465952F161BBAB300B8928C /* CoreData.framework */,
				D4659530161BBAB300B8928C /* Foundation.framework */,
			);
			name = "Other Frameworks";
			sourceTree = "<group>";
		};
		D4659531161BBAB300B8928C /* grooverapp */ = {
			isa = PBXGroup;
			children = (
				D465953D161BBAB300B8928C /* AppDelegate.h */,
				D465953E161BBAB300B8928C /* AppDelegate.m */,
				D4659540161BBAB300B8928C /* MainMenu.xib */,
				D4659532161BBAB300B8928C /* Supporting Files */,
			);
			path = grooverapp;
			sourceTree = "<group>";
		};
		D4659532161BBAB300B8928C /* Supporting Files */ = {
			isa = PBXGroup;
			children = (
				D4659533161BBAB300B8928C /* grooverapp-Info.plist */,
				D4659534161BBAB300B8928C /* InfoPlist.strings */,
				D4659537161BBAB300B8928C /* main.m */,
				D4659539161BBAB300B8928C /* grooverapp-Prefix.pch */,
				D465953A161BBAB300B8928C /* Credits.rtf */,
			);
			name = "Supporting Files";
			sourceTree = "<group>";
		};
/* End PBXGroup section */

/* Begin PBXNativeTarget section */
		D4659526161BBAB300B8928C /* grooverapp */ = {
			isa = PBXNativeTarget;
			buildConfigurationList = D4659545161BBAB300B8928C /* Build configuration list for PBXNativeTarget "grooverapp" */;
			buildPhases = (
				D4659523161BBAB300B8928C /* Sources */,
				D4659524161BBAB300B8928C /* Frameworks */,
				D4659525161BBAB300B8928C /* Resources */,
			);
			buildRules = (
			);
			dependencies = (
			);
			name = grooverapp;
			productName = grooverapp;
			productReference = D4659527161BBAB300B8928C /* grooverapp.app */;
			productType = "com.apple.product-type.application";
		};
/* End PBXNativeTarget section */

/* Begin PBXProject section */
		D465951E161BBAB200B8928C /* Project object */ = {
			isa = PBXProject;
			attributes = {
				LastUpgradeCheck = 0450;
				ORGANIZATIONNAME = "João Netto";
			};
			buildConfigurationList = D4659521161BBAB200B8928C /* Build configuration list for PBXProject "grooverapp" */;
			compatibilityVersion = "Xcode 3.2";
			developmentRegion = English;
			hasScannedForEncodings = 0;
			knownRegions = (
				en,
			);
			mainGroup = D465951C161BBAB200B8928C;
			productRefGroup = D4659528161BBAB300B8928C /* Products */;
			projectDirPath = "";
			projectRoot = "";
			targets = (
				D4659526161BBAB300B8928C /* grooverapp */,
			);
		};
/* End PBXProject section */

/* Begin PBXResourcesBuildPhase section */
		D4659525161BBAB300B8928C /* Resources */ = {
			isa = PBXResourcesBuildPhase;
			buildActionMask = 2147483647;
			files = (
				D4659536161BBAB300B8928C /* InfoPlist.strings in Resources */,
				D465953C161BBAB300B8928C /* Credits.rtf in Resources */,
				D4659542161BBAB300B8928C /* MainMenu.xib in Resources */,
			);
			runOnlyForDeploymentPostprocessing = 0;
		};
/* End PBXResourcesBuildPhase section */

/* Begin PBXSourcesBuildPhase section */
		D4659523161BBAB300B8928C /* Sources */ = {
			isa = PBXSourcesBuildPhase;
			buildActionMask = 2147483647;
			files = (
				D4659538161BBAB300B8928C /* main.m in Sources */,
				D465953F161BBAB300B8928C /* AppDelegate.m in Sources */,
			);
			runOnlyForDeploymentPostprocessing = 0;
		};
/* End PBXSourcesBuildPhase section */

/* Begin PBXVariantGroup section */
		D4659534161BBAB300B8928C /* InfoPlist.strings */ = {
			isa = PBXVariantGroup;
			children = (
				D4659535161BBAB300B8928C /* en */,
			);
			name = InfoPlist.strings;
			sourceTree = "<group>";
		};
		D465953A161BBAB300B8928C /* Credits.rtf */ = {
			isa = PBXVariantGroup;
			children = (
				D465953B161BBAB300B8928C /* en */,
			);
			name = Credits.rtf;
			sourceTree = "<group>";
		};
		D4659540161BBAB300B8928C /* MainMenu.xib */ = {
			isa = PBXVariantGroup;
			children = (
				D4659541161BBAB300B8928C /* en */,
			);
			name = MainMenu.xib;
			sourceTree = "<group>";
		};
/* End PBXVariantGroup section */

/* Begin XCBuildConfiguration section */
		D4659543161BBAB300B8928C /* Debug */ = {
			isa = XCBuildConfiguration;
			buildSettings = {
				ALWAYS_SEARCH_USER_PATHS = NO;
				ARCHS = "$(ARCHS_STANDARD_64_BIT)";
				CLANG_CXX_LANGUAGE_STANDARD = "gnu++0x";
				CLANG_CXX_LIBRARY = "libc++";
				CLANG_ENABLE_OBJC_ARC = YES;
				CLANG_WARN_EMPTY_BODY = YES;
				CLANG_WARN__DUPLICATE_METHOD_MATCH = YES;
				COPY_PHASE_STRIP = NO;
				GCC_C_LANGUAGE_STANDARD = gnu99;
				GCC_DYNAMIC_NO_PIC = NO;
				GCC_ENABLE_OBJC_EXCEPTIONS = YES;
				GCC_OPTIMIZATION_LEVEL = 0;
				GCC_PREPROCESSOR_DEFINITIONS = (
					"DEBUG=1",
					"$(inherited)",
				);
				GCC_SYMBOLS_PRIVATE_EXTERN = NO;
				GCC_WARN_64_TO_32_BIT_CONVERSION = YES;
				GCC_WARN_ABOUT_RETURN_TYPE = YES;
				GCC_WARN_UNINITIALIZED_AUTOS = YES;
				GCC_WARN_UNUSED_VARIABLE = YES;
				MACOSX_DEPLOYMENT_TARGET = 10.8;
				ONLY_ACTIVE_ARCH = YES;
				SDKROOT = macosx;
			};
			name = Debug;
		};
		D4659544161BBAB300B8928C /* Release */ = {
			isa = XCBuildConfiguration;
			buildSettings = {
				ALWAYS_SEARCH_USER_PATHS = NO;
				ARCHS = "$(ARCHS_STANDARD_64_BIT)";
				CLANG_CXX_LANGUAGE_STANDARD = "gnu++0x";
				CLANG_CXX_LIBRARY = "libc++";
				CLANG_ENABLE_OBJC_ARC = YES;
				CLANG_WARN_EMPTY_BODY = YES;
				CLANG_WARN__DUPLICATE_METHOD_MATCH = YES;
				COPY_PHASE_STRIP = YES;
				DEBUG_INFORMATION_FORMAT = "dwarf-with-dsym";
				GCC_C_LANGUAGE_STANDARD = gnu99;
				GCC_ENABLE_OBJC_EXCEPTIONS = YES;
				GCC_WARN_64_TO_32_BIT_CONVERSION = YES;
				GCC_WARN_ABOUT_RETURN_TYPE = YES;
				GCC_WARN_UNINITIALIZED_AUTOS = YES;
				GCC_WARN_UNUSED_VARIABLE = YES;
				MACOSX_DEPLOYMENT_TARGET = 10.8;
				SDKROOT = macosx;
			};
			name = Release;
		};
		D4659546161BBAB300B8928C /* Debug */ = {
			isa = XCBuildConfiguration;
			buildSettings = {
				COMBINE_HIDPI_IMAGES = YES;
				GCC_PRECOMPILE_PREFIX_HEADER = YES;
				GCC_PREFIX_HEADER = "grooverapp/grooverapp-Prefix.pch";
				INFOPLIST_FILE = "grooverapp/grooverapp-Info.plist";
				PRODUCT_NAME = "$(TARGET_NAME)";
				WRAPPER_EXTENSION = app;
			};
			name = Debug;
		};
		D4659547161BBAB300B8928C /* Release */ = {
			isa = XCBuildConfiguration;
			buildSettings = {
				COMBINE_HIDPI_IMAGES = YES;
				GCC_PRECOMPILE_PREFIX_HEADER = YES;
				GCC_PREFIX_HEADER = "grooverapp/grooverapp-Prefix.pch";
				INFOPLIST_FILE = "grooverapp/grooverapp-Info.plist";
				PRODUCT_NAME = "$(TARGET_NAME)";
				WRAPPER_EXTENSION = app;
			};
			name = Release;
		};
/* End XCBuildConfiguration section */

/* Begin XCConfigurationList section */
		D4659521161BBAB200B8928C /* Build configuration list for PBXProject "grooverapp" */ = {
			isa = XCConfigurationList;
			buildConfigurations = (
				D4659543161BBAB300B8928C /* Debug */,
				D4659544161BBAB300B8928C /* Release */,
			);
			defaultConfigurationIsVisible = 0;
			defaultConfigurationName = Release;
		};
		D4659545161BBAB300B8928C /* Build configuration list for PBXNativeTarget "grooverapp" */ = {
			isa = XCConfigurationList;
			buildConfigurations = (
				D4659546161BBAB300B8928C /* Debug */,
				D4659547161BBAB300B8928C /* Release */,
			);
			defaultConfigurationIsVisible = 0;
		};
/* End XCConfigurationList section */
	};
	rootObject = D465951E161BBAB200B8928C /* Project object */;
}
